
Microsoft Visual Studio Solution File, Format Version 12.00
# Visual Studio Version 16
VisualStudioVersion = 16.0.31321.278
MinimumVisualStudioVersion = 10.0.40219.1
Project("{9A19103F-16F7-4668-BE54-9A1E7A4F7556}") = "DramaEnglish.UserInterface", "DramaEnglish.UserInterface.csproj", "{1C943F8E-DCBC-4163-B852-9A1B6AFD50A1}"
EndProject
Project("{9A19103F-16F7-4668-BE54-9A1E7A4F7556}") = "DramaEnglish.Infrastructure", "..\DramaEnglish.Infrastructure\DramaEnglish.Infrastructure.csproj", "{F35522C0-70E4-401A-AA99-EEFA382D34D0}"
EndProject
Project("{9A19103F-16F7-4668-BE54-9A1E7A4F7556}") = "DramaEnglish.Styling", "..\DramaEnglish.Styling\DramaEnglish.Styling.csproj", "{107D7530-22CA-4C46-A371-4933C71EF698}"
EndProject
Project("{9A19103F-16F7-4668-BE54-9A1E7A4F7556}") = "DramaEnglish.Application", "..\DramaEnglish.Application\DramaEnglish.Application.csproj", "{DB4E95DD-334E-4D39-8415-E4BECDB159CE}"
EndProject
Project("{9A19103F-16F7-4668-BE54-9A1E7A4F7556}") = "DramaEnglish.Domain", "..\DramaEnglish.Domain\DramaEnglish.Domain.csproj", "{8DE3A6EE-67ED-44FC-843E-6923C4958826}"
EndProject
Project("{9A19103F-16F7-4668-BE54-9A1E7A4F7556}") = "CommonService", "..\..\DownloadandUnionTs\CommonService\CommonService.csproj", "{586679DA-F57C-4C9F-AFCD-47E1EF7F6B5C}"
EndProject
Global
	GlobalSection(SolutionConfigurationPlatforms) = preSolution
		Debug|Any CPU = Debug|Any CPU
		Release|Any CPU = Release|Any CPU
	EndGlobalSection
	GlobalSection(ProjectConfigurationPlatforms) = postSolution
		{1C943F8E-DCBC-4163-B852-9A1B6AFD50A1}.Debug|Any CPU.ActiveCfg = Debug|Any CPU
		{1C943F8E-DCBC-4163-B852-9A1B6AFD50A1}.Debug|Any CPU.Build.0 = Debug|Any CPU
		{1C943F8E-DCBC-4163-B852-9A1B6AFD50A1}.Release|Any CPU.ActiveCfg = Release|Any CPU
		{1C943F8E-DCBC-4163-B852-9A1B6AFD50A1}.Release|Any CPU.Build.0 = Release|Any CPU
		{F35522C0-70E4-401A-AA99-EEFA382D34D0}.Debug|Any CPU.ActiveCfg = Debug|Any CPU
		{F35522C0-70E4-401A-AA99-EEFA382D34D0}.Debug|Any CPU.Build.0 = Debug|Any CPU
		{F35522C0-70E4-401A-AA99-EEFA382D34D0}.Release|Any CPU.ActiveCfg = Release|Any CPU
		{F35522C0-70E4-401A-AA99-EEFA382D34D0}.Release|Any CPU.Build.0 = Release|Any CPU
		{107D7530-22CA-4C46-A371-4933C71EF698}.Debug|Any CPU.ActiveCfg = Debug|Any CPU
		{107D7530-22CA-4C46-A371-4933C71EF698}.Debug|Any CPU.Build.0 = Debug|Any CPU
		{107D7530-22CA-4C46-A371-4933C71EF698}.Release|Any CPU.ActiveCfg = Release|Any CPU
		{107D7530-22CA-4C46-A371-4933C71EF698}.Release|Any CPU.Build.0 = Release|Any CPU
		{DB4E95DD-334E-4D39-8415-E4BECDB159CE}.Debug|Any CPU.ActiveCfg = Debug|Any CPU
		{DB4E95DD-334E-4D39-8415-E4BECDB159CE}.Debug|Any CPU.Build.0 = Debug|Any CPU
		{DB4E95DD-334E-4D39-8415-E4BECDB159CE}.Release|Any CPU.ActiveCfg = Release|Any CPU
		{DB4E95DD-334E-4D39-8415-E4BECDB159CE}.Release|Any CPU.Build.0 = Release|Any CPU
		{8DE3A6EE-67ED-44FC-843E-6923C4958826}.Debug|Any CPU.ActiveCfg = Debug|Any CPU
		{8DE3A6EE-67ED-44FC-843E-6923C4958826}.Debug|Any CPU.Build.0 = Debug|Any CPU
		{8DE3A6EE-67ED-44FC-843E-6923C4958826}.Release|Any CPU.ActiveCfg = Release|Any CPU
		{8DE3A6EE-67ED-44FC-843E-6923C4958826}.Release|Any CPU.Build.0 = Release|Any CPU
		{586679DA-F57C-4C9F-AFCD-47E1EF7F6B5C}.Debug|Any CPU.ActiveCfg = Debug|Any CPU
		{586679DA-F57C-4C9F-AFCD-47E1EF7F6B5C}.Debug|Any CPU.Build.0 = Debug|Any CPU
		{586679DA-F57C-4C9F-AFCD-47E1EF7F6B5C}.Release|Any CPU.ActiveCfg = Release|Any CPU
		{586679DA-F57C-4C9F-AFCD-47E1EF7F6B5C}.Release|Any CPU.Build.0 = Release|Any CPU
	EndGlobalSection
	GlobalSection(SolutionProperties) = preSolution
		HideSolutionNode = FALSE
	EndGlobalSection
	GlobalSection(ExtensibilityGlobals) = postSolution
		SolutionGuid = {55089777-DAE1-4A35-AD6D-057EEB7550A6}
	EndGlobalSection
EndGlobal
